// !$*UTF8*$!
{
	archiveVersion = 1;
	classes = {
	};
	objectVersion = 46;
	objects = {

/* Begin PBXBuildFile section */
		8A01F86721054CA1007D1E3F /* Alternate.storyboard in Resources */ = {isa = PBXBuildFile; fileRef = 8A01F86521054CA1007D1E3F /* Alternate.storyboard */; };
		8A01F870210A9A52007D1E3F /* Core Data ERD.xcdatamodeld in Sources */ = {isa = PBXBuildFile; fileRef = 8A01F86E210A9A52007D1E3F /* Core Data ERD.xcdatamodeld */; };
		8A03C0B11FBEA391008D74BA /* Assets.xcassets in Resources */ = {isa = PBXBuildFile; fileRef = 8A03C0B01FBEA390008D74BA /* Assets.xcassets */; };
		8A11672621335BCF00AC2E08 /* LeftController.swift in Sources */ = {isa = PBXBuildFile; fileRef = 8A11672521335BCF00AC2E08 /* LeftController.swift */; };
		8A11672A213376AC00AC2E08 /* RightController.swift in Sources */ = {isa = PBXBuildFile; fileRef = 8A116729213376AC00AC2E08 /* RightController.swift */; };
		8A11672C2134D58800AC2E08 /* PrincipalWindow.swift in Sources */ = {isa = PBXBuildFile; fileRef = 8A11672B2134D58800AC2E08 /* PrincipalWindow.swift */; };
		8A11672E2134E32A00AC2E08 /* Extras.swift in Sources */ = {isa = PBXBuildFile; fileRef = 8A11672D2134E32A00AC2E08 /* Extras.swift */; };
		8A1167322134F34700AC2E08 /* ImportMultiple.storyboard in Resources */ = {isa = PBXBuildFile; fileRef = 8A1167312134F34700AC2E08 /* ImportMultiple.storyboard */; };
		8A126EB6208D4DC100AD33B1 /* MasterViewController.swift in Sources */ = {isa = PBXBuildFile; fileRef = 8A126EB5208D4DC100AD33B1 /* MasterViewController.swift */; };
		8A17C2061F58FB0900814107 /* ImportExport.swift in Sources */ = {isa = PBXBuildFile; fileRef = 8A17C2051F58FB0900814107 /* ImportExport.swift */; };
		8A1A703021A735540061B6C9 /* MultipleImporterController.swift in Sources */ = {isa = PBXBuildFile; fileRef = 8A1A702F21A735540061B6C9 /* MultipleImporterController.swift */; };
		8A2C311B213A008E00B8F3E1 /* Author+CoreData.swift in Sources */ = {isa = PBXBuildFile; fileRef = 8A2C311A213A008E00B8F3E1 /* Author+CoreData.swift */; };
		8A2C311D213A013400B8F3E1 /* Quote+CoreData.swift in Sources */ = {isa = PBXBuildFile; fileRef = 8A2C311C213A013400B8F3E1 /* Quote+CoreData.swift */; };
		8A2C311F213A042700B8F3E1 /* QuoteList+CoreData.swift in Sources */ = {isa = PBXBuildFile; fileRef = 8A2C311E213A042700B8F3E1 /* QuoteList+CoreData.swift */; };
		8A2C3121213A04A600B8F3E1 /* LibraryItem+CoreData.swift in Sources */ = {isa = PBXBuildFile; fileRef = 8A2C3120213A04A600B8F3E1 /* LibraryItem+CoreData.swift */; };
		8A2C3123213A04E700B8F3E1 /* Tag+CoreData.swift in Sources */ = {isa = PBXBuildFile; fileRef = 8A2C3122213A04E700B8F3E1 /* Tag+CoreData.swift */; };
		8A2C3125213A052000B8F3E1 /* Theme+CoreData.swift in Sources */ = {isa = PBXBuildFile; fileRef = 8A2C3124213A052000B8F3E1 /* Theme+CoreData.swift */; };
		8A2C3127213A068100B8F3E1 /* CoreDataExtras.swift in Sources */ = {isa = PBXBuildFile; fileRef = 8A2C3126213A068100B8F3E1 /* CoreDataExtras.swift */; };
		8A2C3129213A06EF00B8F3E1 /* Language+CoreData.swift in Sources */ = {isa = PBXBuildFile; fileRef = 8A2C3128213A06EF00B8F3E1 /* Language+CoreData.swift */; };
		8A2FF33821B1B72C0035CC08 /* BCP47.plist in Resources */ = {isa = PBXBuildFile; fileRef = 8A2FF33721B1B72C0035CC08 /* BCP47.plist */; };
		8A2FF33B21B1E4E20035CC08 /* TopicModeling.mlmodel in Sources */ = {isa = PBXBuildFile; fileRef = 8A2FF33A21B1E4E20035CC08 /* TopicModeling.mlmodel */; };
		8A546153210D240F00B6E588 /* Smart List Editor.storyboard in Resources */ = {isa = PBXBuildFile; fileRef = 8A546152210D240F00B6E588 /* Smart List Editor.storyboard */; };
		8A546155210D2A7400B6E588 /* Smar List Controller.swift in Sources */ = {isa = PBXBuildFile; fileRef = 8A546154210D2A7400B6E588 /* Smar List Controller.swift */; };
		8A63182320956CF000091FA6 /* EntitiesExtensions.swift in Sources */ = {isa = PBXBuildFile; fileRef = 8A63182220956CF000091FA6 /* EntitiesExtensions.swift */; };
		8A7500B52187FB0200C856FE /* Add Value.storyboard in Resources */ = {isa = PBXBuildFile; fileRef = 8A7500B42187FB0200C856FE /* Add Value.storyboard */; };
		8A7500B82187FB4800C856FE /* AddQuoteController.swift in Sources */ = {isa = PBXBuildFile; fileRef = 8A7500B62187FB4800C856FE /* AddQuoteController.swift */; };
		8A89E85D1E842E04001F7F71 /* AppDelegate.swift in Sources */ = {isa = PBXBuildFile; fileRef = 8A89E85C1E842E04001F7F71 /* AppDelegate.swift */; };
		8A89E85F1E842E04001F7F71 /* ViewController.swift in Sources */ = {isa = PBXBuildFile; fileRef = 8A89E85E1E842E04001F7F71 /* ViewController.swift */; };
		8A89E8671E842E04001F7F71 /* Main.storyboard in Resources */ = {isa = PBXBuildFile; fileRef = 8A89E8651E842E04001F7F71 /* Main.storyboard */; };
		8A89E8721E842E04001F7F71 /* InspirationsTests.swift in Sources */ = {isa = PBXBuildFile; fileRef = 8A89E8711E842E04001F7F71 /* InspirationsTests.swift */; };
		8A89E88D1E843302001F7F71 /* AddQuoteOld.swift in Sources */ = {isa = PBXBuildFile; fileRef = 8A89E88C1E843302001F7F71 /* AddQuoteOld.swift */; };
		8AD2CD2C219E4C890096BFC7 /* SwiftSoup.framework in Frameworks */ = {isa = PBXBuildFile; fileRef = 8AD2CD2B219E4C890096BFC7 /* SwiftSoup.framework */; };
		8ADBCF641FBBEFA5007523FF /* Utilities2.swift in Sources */ = {isa = PBXBuildFile; fileRef = 8ADBCF631FBBEFA5007523FF /* Utilities2.swift */; };
		8ADDA7A1200C24D400F7E1D9 /* ValueTransformers.swift in Sources */ = {isa = PBXBuildFile; fileRef = 8ADDA7A0200C24D400F7E1D9 /* ValueTransformers.swift */; };
		8ADDA7A3200D126800F7E1D9 /* OldWindowController.swift in Sources */ = {isa = PBXBuildFile; fileRef = 8ADDA7A2200D126800F7E1D9 /* OldWindowController.swift */; };
		8AE614C12072F134003CB950 /* OldLeftController.swift in Sources */ = {isa = PBXBuildFile; fileRef = 8AE614C02072F134003CB950 /* OldLeftController.swift */; };
		8AE9B3601FECA94D008A361F /* OldImportController.swift in Sources */ = {isa = PBXBuildFile; fileRef = 8AE9B35F1FECA94D008A361F /* OldImportController.swift */; };
		8AFB528D1EDBADE50096B93F /* BigViewController.swift in Sources */ = {isa = PBXBuildFile; fileRef = 8AFB528C1EDBADE50096B93F /* BigViewController.swift */; };
/* End PBXBuildFile section */

/* Begin PBXContainerItemProxy section */
		8A89E86E1E842E04001F7F71 /* PBXContainerItemProxy */ = {
			isa = PBXContainerItemProxy;
			containerPortal = 8A89E8511E842E03001F7F71 /* Project object */;
			proxyType = 1;
			remoteGlobalIDString = 8A89E8581E842E03001F7F71;
			remoteInfo = Inspirations;
		};
		8A89E8791E842E04001F7F71 /* PBXContainerItemProxy */ = {
			isa = PBXContainerItemProxy;
			containerPortal = 8A89E8511E842E03001F7F71 /* Project object */;
			proxyType = 1;
			remoteGlobalIDString = 8A89E8581E842E03001F7F71;
			remoteInfo = Inspirations;
		};
/* End PBXContainerItemProxy section */

/* Begin PBXFileReference section */
		8A01F86621054CA1007D1E3F /* Base */ = {isa = PBXFileReference; lastKnownFileType = file.storyboard; name = Base; path = Base.lproj/Alternate.storyboard; sourceTree = "<group>"; };
		8A01F86F210A9A52007D1E3F /* Core Data ERD.xcdatamodel */ = {isa = PBXFileReference; lastKnownFileType = wrapper.xcdatamodel; path = "Core Data ERD.xcdatamodel"; sourceTree = "<group>"; };
		8A03C0B01FBEA390008D74BA /* Assets.xcassets */ = {isa = PBXFileReference; lastKnownFileType = folder.assetcatalog; path = Assets.xcassets; sourceTree = "<group>"; };
		8A11672521335BCF00AC2E08 /* LeftController.swift */ = {isa = PBXFileReference; lastKnownFileType = sourcecode.swift; path = LeftController.swift; sourceTree = "<group>"; };
		8A116729213376AC00AC2E08 /* RightController.swift */ = {isa = PBXFileReference; lastKnownFileType = sourcecode.swift; path = RightController.swift; sourceTree = "<group>"; };
		8A11672B2134D58800AC2E08 /* PrincipalWindow.swift */ = {isa = PBXFileReference; lastKnownFileType = sourcecode.swift; path = PrincipalWindow.swift; sourceTree = "<group>"; };
		8A11672D2134E32A00AC2E08 /* Extras.swift */ = {isa = PBXFileReference; lastKnownFileType = sourcecode.swift; path = Extras.swift; sourceTree = "<group>"; };
		8A1167312134F34700AC2E08 /* ImportMultiple.storyboard */ = {isa = PBXFileReference; lastKnownFileType = file.storyboard; path = ImportMultiple.storyboard; sourceTree = "<group>"; };
		8A126EB5208D4DC100AD33B1 /* MasterViewController.swift */ = {isa = PBXFileReference; lastKnownFileType = sourcecode.swift; path = MasterViewController.swift; sourceTree = "<group>"; };
		8A164B171F59186D004F0810 /* Sync.framework */ = {isa = PBXFileReference; lastKnownFileType = wrapper.framework; name = Sync.framework; path = Carthage/Build/Mac/Sync.framework; sourceTree = "<group>"; };
		8A17C2051F58FB0900814107 /* ImportExport.swift */ = {isa = PBXFileReference; fileEncoding = 4; lastKnownFileType = sourcecode.swift; path = ImportExport.swift; sourceTree = "<group>"; };
		8A1A702F21A735540061B6C9 /* MultipleImporterController.swift */ = {isa = PBXFileReference; lastKnownFileType = sourcecode.swift; path = MultipleImporterController.swift; sourceTree = "<group>"; };
		8A1A703121A790CD0061B6C9 /* Testing Playground.playground */ = {isa = PBXFileReference; lastKnownFileType = file.playground; path = "Testing Playground.playground"; sourceTree = "<group>"; xcLanguageSpecificationIdentifier = xcode.lang.swift; };
		8A2C311A213A008E00B8F3E1 /* Author+CoreData.swift */ = {isa = PBXFileReference; lastKnownFileType = sourcecode.swift; path = "Author+CoreData.swift"; sourceTree = "<group>"; };
		8A2C311C213A013400B8F3E1 /* Quote+CoreData.swift */ = {isa = PBXFileReference; lastKnownFileType = sourcecode.swift; path = "Quote+CoreData.swift"; sourceTree = "<group>"; };
		8A2C311E213A042700B8F3E1 /* QuoteList+CoreData.swift */ = {isa = PBXFileReference; lastKnownFileType = sourcecode.swift; path = "QuoteList+CoreData.swift"; sourceTree = "<group>"; };
		8A2C3120213A04A600B8F3E1 /* LibraryItem+CoreData.swift */ = {isa = PBXFileReference; lastKnownFileType = sourcecode.swift; path = "LibraryItem+CoreData.swift"; sourceTree = "<group>"; };
		8A2C3122213A04E700B8F3E1 /* Tag+CoreData.swift */ = {isa = PBXFileReference; lastKnownFileType = sourcecode.swift; path = "Tag+CoreData.swift"; sourceTree = "<group>"; };
		8A2C3124213A052000B8F3E1 /* Theme+CoreData.swift */ = {isa = PBXFileReference; lastKnownFileType = sourcecode.swift; path = "Theme+CoreData.swift"; sourceTree = "<group>"; };
		8A2C3126213A068100B8F3E1 /* CoreDataExtras.swift */ = {isa = PBXFileReference; lastKnownFileType = sourcecode.swift; path = CoreDataExtras.swift; sourceTree = "<group>"; };
		8A2C3128213A06EF00B8F3E1 /* Language+CoreData.swift */ = {isa = PBXFileReference; lastKnownFileType = sourcecode.swift; path = "Language+CoreData.swift"; sourceTree = "<group>"; };
		8A2FF33721B1B72C0035CC08 /* BCP47.plist */ = {isa = PBXFileReference; lastKnownFileType = text.plist.xml; path = BCP47.plist; sourceTree = "<group>"; };
		8A2FF33A21B1E4E20035CC08 /* TopicModeling.mlmodel */ = {isa = PBXFileReference; lastKnownFileType = file.mlmodel; path = TopicModeling.mlmodel; sourceTree = "<group>"; };
		8A546151210C02C000B6E588 /* Core Data ERD V2.xcdatamodel */ = {isa = PBXFileReference; lastKnownFileType = wrapper.xcdatamodel; path = "Core Data ERD V2.xcdatamodel"; sourceTree = "<group>"; };
		8A546152210D240F00B6E588 /* Smart List Editor.storyboard */ = {isa = PBXFileReference; lastKnownFileType = file.storyboard; path = "Smart List Editor.storyboard"; sourceTree = "<group>"; };
		8A546154210D2A7400B6E588 /* Smar List Controller.swift */ = {isa = PBXFileReference; lastKnownFileType = sourcecode.swift; path = "Smar List Controller.swift"; sourceTree = "<group>"; };
		8A63182220956CF000091FA6 /* EntitiesExtensions.swift */ = {isa = PBXFileReference; lastKnownFileType = sourcecode.swift; path = EntitiesExtensions.swift; sourceTree = "<group>"; };
		8A7500B42187FB0200C856FE /* Add Value.storyboard */ = {isa = PBXFileReference; lastKnownFileType = file.storyboard; path = "Add Value.storyboard"; sourceTree = "<group>"; };
		8A7500B62187FB4800C856FE /* AddQuoteController.swift */ = {isa = PBXFileReference; lastKnownFileType = sourcecode.swift; path = AddQuoteController.swift; sourceTree = "<group>"; };
		8A89E8591E842E04001F7F71 /* Inspirations.app */ = {isa = PBXFileReference; explicitFileType = wrapper.application; includeInIndex = 0; path = Inspirations.app; sourceTree = BUILT_PRODUCTS_DIR; };
		8A89E85C1E842E04001F7F71 /* AppDelegate.swift */ = {isa = PBXFileReference; lastKnownFileType = sourcecode.swift; path = AppDelegate.swift; sourceTree = "<group>"; };
		8A89E85E1E842E04001F7F71 /* ViewController.swift */ = {isa = PBXFileReference; lastKnownFileType = sourcecode.swift; path = ViewController.swift; sourceTree = "<group>"; };
		8A89E8661E842E04001F7F71 /* Base */ = {isa = PBXFileReference; lastKnownFileType = file.storyboard; name = Base; path = Base.lproj/Main.storyboard; sourceTree = "<group>"; };
		8A89E8681E842E04001F7F71 /* Info.plist */ = {isa = PBXFileReference; lastKnownFileType = text.plist.xml; path = Info.plist; sourceTree = "<group>"; };
		8A89E86D1E842E04001F7F71 /* InspirationsTests.xctest */ = {isa = PBXFileReference; explicitFileType = wrapper.cfbundle; includeInIndex = 0; path = InspirationsTests.xctest; sourceTree = BUILT_PRODUCTS_DIR; };
		8A89E8711E842E04001F7F71 /* InspirationsTests.swift */ = {isa = PBXFileReference; lastKnownFileType = sourcecode.swift; path = InspirationsTests.swift; sourceTree = "<group>"; };
		8A89E8731E842E04001F7F71 /* Info.plist */ = {isa = PBXFileReference; lastKnownFileType = text.plist.xml; path = Info.plist; sourceTree = "<group>"; };
		8A89E8781E842E04001F7F71 /* InspirationsUITests.xctest */ = {isa = PBXFileReference; explicitFileType = wrapper.cfbundle; includeInIndex = 0; path = InspirationsUITests.xctest; sourceTree = BUILT_PRODUCTS_DIR; };
		8A89E87E1E842E04001F7F71 /* Info.plist */ = {isa = PBXFileReference; lastKnownFileType = text.plist.xml; path = Info.plist; sourceTree = "<group>"; };
		8A89E88C1E843302001F7F71 /* AddQuoteOld.swift */ = {isa = PBXFileReference; fileEncoding = 4; lastKnownFileType = sourcecode.swift; path = AddQuoteOld.swift; sourceTree = "<group>"; };
		8AD2CD2B219E4C890096BFC7 /* SwiftSoup.framework */ = {isa = PBXFileReference; lastKnownFileType = wrapper.framework; name = SwiftSoup.framework; path = Carthage/Build/Mac/SwiftSoup.framework; sourceTree = "<group>"; };
		8ADBCF631FBBEFA5007523FF /* Utilities2.swift */ = {isa = PBXFileReference; lastKnownFileType = sourcecode.swift; path = Utilities2.swift; sourceTree = "<group>"; };
		8ADDA7A0200C24D400F7E1D9 /* ValueTransformers.swift */ = {isa = PBXFileReference; lastKnownFileType = sourcecode.swift; path = ValueTransformers.swift; sourceTree = "<group>"; };
		8ADDA7A2200D126800F7E1D9 /* OldWindowController.swift */ = {isa = PBXFileReference; lastKnownFileType = sourcecode.swift; path = OldWindowController.swift; sourceTree = "<group>"; };
		8AE614C02072F134003CB950 /* OldLeftController.swift */ = {isa = PBXFileReference; lastKnownFileType = sourcecode.swift; path = OldLeftController.swift; sourceTree = "<group>"; };
		8AE9B35F1FECA94D008A361F /* OldImportController.swift */ = {isa = PBXFileReference; lastKnownFileType = sourcecode.swift; path = OldImportController.swift; sourceTree = "<group>"; };
		8AFB528C1EDBADE50096B93F /* BigViewController.swift */ = {isa = PBXFileReference; fileEncoding = 4; lastKnownFileType = sourcecode.swift; path = BigViewController.swift; sourceTree = "<group>"; };
/* End PBXFileReference section */

/* Begin PBXFrameworksBuildPhase section */
		8A89E8561E842E03001F7F71 /* Frameworks */ = {
			isa = PBXFrameworksBuildPhase;
			buildActionMask = 2147483647;
			files = (
				8AD2CD2C219E4C890096BFC7 /* SwiftSoup.framework in Frameworks */,
			);
			runOnlyForDeploymentPostprocessing = 0;
		};
		8A89E86A1E842E04001F7F71 /* Frameworks */ = {
			isa = PBXFrameworksBuildPhase;
			buildActionMask = 2147483647;
			files = (
			);
			runOnlyForDeploymentPostprocessing = 0;
		};
		8A89E8751E842E04001F7F71 /* Frameworks */ = {
			isa = PBXFrameworksBuildPhase;
			buildActionMask = 2147483647;
			files = (
			);
			runOnlyForDeploymentPostprocessing = 0;
		};
/* End PBXFrameworksBuildPhase section */

/* Begin PBXGroup section */
		8A01F868210924BA007D1E3F /* Alternate */ = {
			isa = PBXGroup;
			children = (
				8A2FF33721B1B72C0035CC08 /* BCP47.plist */,
				8A7500B32187FA5E00C856FE /* Add View */,
				8ADDA7A0200C24D400F7E1D9 /* ValueTransformers.swift */,
				8A11672B2134D58800AC2E08 /* PrincipalWindow.swift */,
				8A89E85C1E842E04001F7F71 /* AppDelegate.swift */,
				8A2C312A213C9D6A00B8F3E1 /* Importer */,
				8A1167302134F1DB00AC2E08 /* Smart Controller */,
				8A11672F2134F1C000AC2E08 /* Split Controller */,
				8A01F86E210A9A52007D1E3F /* Core Data ERD.xcdatamodeld */,
				8A11672D2134E32A00AC2E08 /* Extras.swift */,
				8A01F86521054CA1007D1E3F /* Alternate.storyboard */,
			);
			name = Alternate;
			sourceTree = "<group>";
		};
		8A11672F2134F1C000AC2E08 /* Split Controller */ = {
			isa = PBXGroup;
			children = (
				8A116729213376AC00AC2E08 /* RightController.swift */,
				8A11672521335BCF00AC2E08 /* LeftController.swift */,
			);
			name = "Split Controller";
			sourceTree = "<group>";
		};
		8A1167302134F1DB00AC2E08 /* Smart Controller */ = {
			isa = PBXGroup;
			children = (
				8A546154210D2A7400B6E588 /* Smar List Controller.swift */,
				8A546152210D240F00B6E588 /* Smart List Editor.storyboard */,
			);
			name = "Smart Controller";
			sourceTree = "<group>";
		};
		8A1167552137903900AC2E08 /* Core Data */ = {
			isa = PBXGroup;
			children = (
			);
			name = "Core Data";
			path = ..;
			sourceTree = "<group>";
		};
		8A164B161F59186D004F0810 /* Frameworks */ = {
			isa = PBXGroup;
			children = (
				8AD2CD2B219E4C890096BFC7 /* SwiftSoup.framework */,
				8A164B171F59186D004F0810 /* Sync.framework */,
			);
			name = Frameworks;
			sourceTree = "<group>";
		};
		8A2572E11ED8B50900720C2A /* View Controllers */ = {
			isa = PBXGroup;
			children = (
				8AE614C02072F134003CB950 /* OldLeftController.swift */,
				8AE9B35F1FECA94D008A361F /* OldImportController.swift */,
				8AFB528C1EDBADE50096B93F /* BigViewController.swift */,
				8A89E88C1E843302001F7F71 /* AddQuoteOld.swift */,
				8A89E85E1E842E04001F7F71 /* ViewController.swift */,
				8A126EB5208D4DC100AD33B1 /* MasterViewController.swift */,
			);
			name = "View Controllers";
			sourceTree = "<group>";
		};
		8A2C312A213C9D6A00B8F3E1 /* Importer */ = {
			isa = PBXGroup;
			children = (
				8A1A702F21A735540061B6C9 /* MultipleImporterController.swift */,
				8A1167312134F34700AC2E08 /* ImportMultiple.storyboard */,
			);
			name = Importer;
			sourceTree = "<group>";
		};
		8A2FF33921B1E4CC0035CC08 /* Resources */ = {
			isa = PBXGroup;
			children = (
				8A2FF33A21B1E4E20035CC08 /* TopicModeling.mlmodel */,
			);
			name = Resources;
			sourceTree = "<group>";
		};
		8A63181F2095682400091FA6 /* NSManagedObjects */ = {
			isa = PBXGroup;
			children = (
				8A63182220956CF000091FA6 /* EntitiesExtensions.swift */,
			);
			name = NSManagedObjects;
			sourceTree = "<group>";
		};
		8A7500B32187FA5E00C856FE /* Add View */ = {
			isa = PBXGroup;
			children = (
				8A7500B42187FB0200C856FE /* Add Value.storyboard */,
				8A7500B62187FB4800C856FE /* AddQuoteController.swift */,
			);
			name = "Add View";
			sourceTree = "<group>";
		};
		8A89E8501E842E03001F7F71 = {
			isa = PBXGroup;
			children = (
				8A1A703121A790CD0061B6C9 /* Testing Playground.playground */,
				8A89E85B1E842E04001F7F71 /* Inspirations */,
				8A89E8701E842E04001F7F71 /* InspirationsTests */,
				8A89E87B1E842E04001F7F71 /* InspirationsUITests */,
				8A89E85A1E842E04001F7F71 /* Products */,
				8A164B161F59186D004F0810 /* Frameworks */,
			);
			sourceTree = "<group>";
		};
		8A89E85A1E842E04001F7F71 /* Products */ = {
			isa = PBXGroup;
			children = (
				8A89E8591E842E04001F7F71 /* Inspirations.app */,
				8A89E86D1E842E04001F7F71 /* InspirationsTests.xctest */,
				8A89E8781E842E04001F7F71 /* InspirationsUITests.xctest */,
			);
			name = Products;
			sourceTree = "<group>";
		};
		8A89E85B1E842E04001F7F71 /* Inspirations */ = {
			isa = PBXGroup;
			children = (
				8AEE1A6C21D1BA8C0011CFA3 /* Shared */,
				8AEE1A6B21D1B9A60011CFA3 /* macOS Files */,
				8A2FF33921B1E4CC0035CC08 /* Resources */,
				8AE5FD3A2144BB5A0085FAC2 /* Old Files */,
				8A01F868210924BA007D1E3F /* Alternate */,
				8A89E8681E842E04001F7F71 /* Info.plist */,
				8A03C0B01FBEA390008D74BA /* Assets.xcassets */,
			);
			path = Inspirations;
			sourceTree = "<group>";
		};
		8A89E8701E842E04001F7F71 /* InspirationsTests */ = {
			isa = PBXGroup;
			children = (
				8A89E8711E842E04001F7F71 /* InspirationsTests.swift */,
				8A89E8731E842E04001F7F71 /* Info.plist */,
			);
			path = InspirationsTests;
			sourceTree = "<group>";
		};
		8A89E87B1E842E04001F7F71 /* InspirationsUITests */ = {
			isa = PBXGroup;
			children = (
				8A89E87E1E842E04001F7F71 /* Info.plist */,
			);
			path = InspirationsUITests;
			sourceTree = "<group>";
		};
		8AB7CC2B1FB24E1D0080ED4F /* Resources */ = {
			isa = PBXGroup;
			children = (
				8A89E8651E842E04001F7F71 /* Main.storyboard */,
			);
			name = Resources;
			sourceTree = "<group>";
		};
		8ACADE831F64B77500919332 /* Support */ = {
			isa = PBXGroup;
			children = (
				8A17C2051F58FB0900814107 /* ImportExport.swift */,
				8ADBCF631FBBEFA5007523FF /* Utilities2.swift */,
			);
			name = Support;
			sourceTree = "<group>";
		};
		8AE5FD3A2144BB5A0085FAC2 /* Old Files */ = {
			isa = PBXGroup;
			children = (
				8ADDA7A2200D126800F7E1D9 /* OldWindowController.swift */,
				8ACADE831F64B77500919332 /* Support */,
				8A2572E11ED8B50900720C2A /* View Controllers */,
				8AB7CC2B1FB24E1D0080ED4F /* Resources */,
				8A63181F2095682400091FA6 /* NSManagedObjects */,
			);
			name = "Old Files";
			sourceTree = "<group>";
		};
		8AEE1A6B21D1B9A60011CFA3 /* macOS Files */ = {
			isa = PBXGroup;
			children = (
			);
			path = "macOS Files";
			sourceTree = "<group>";
		};
		8AEE1A6C21D1BA8C0011CFA3 /* Shared */ = {
			isa = PBXGroup;
			children = (
				8AEE1A6D21D1BAEE0011CFA3 /* Core Data */,
				8A1167552137903900AC2E08 /* Core Data */,
			);
			path = Shared;
			sourceTree = "<group>";
		};
		8AEE1A6D21D1BAEE0011CFA3 /* Core Data */ = {
			isa = PBXGroup;
			children = (
				8A2C3126213A068100B8F3E1 /* CoreDataExtras.swift */,
				8A2C3128213A06EF00B8F3E1 /* Language+CoreData.swift */,
				8A2C3122213A04E700B8F3E1 /* Tag+CoreData.swift */,
				8A2C311C213A013400B8F3E1 /* Quote+CoreData.swift */,
				8A2C311E213A042700B8F3E1 /* QuoteList+CoreData.swift */,
				8A2C3120213A04A600B8F3E1 /* LibraryItem+CoreData.swift */,
				8A2C3124213A052000B8F3E1 /* Theme+CoreData.swift */,
				8A2C311A213A008E00B8F3E1 /* Author+CoreData.swift */,
			);
			path = "Core Data";
			sourceTree = "<group>";
		};
/* End PBXGroup section */

/* Begin PBXNativeTarget section */
		8A89E8581E842E03001F7F71 /* Inspirations */ = {
			isa = PBXNativeTarget;
			buildConfigurationList = 8A89E8811E842E04001F7F71 /* Build configuration list for PBXNativeTarget "Inspirations" */;
			buildPhases = (
				8A89E8551E842E03001F7F71 /* Sources */,
				8A89E8561E842E03001F7F71 /* Frameworks */,
				8A89E8571E842E03001F7F71 /* Resources */,
				8AD2CD2D219E4CF80096BFC7 /* ShellScript */,
				8AD2CD2E219E4E360096BFC7 /* ShellScript */,
				8AD2CD2F219E4E980096BFC7 /* ShellScript */,
			);
			buildRules = (
			);
			dependencies = (
			);
			name = Inspirations;
			productName = Inspirations;
			productReference = 8A89E8591E842E04001F7F71 /* Inspirations.app */;
			productType = "com.apple.product-type.application";
		};
		8A89E86C1E842E04001F7F71 /* InspirationsTests */ = {
			isa = PBXNativeTarget;
			buildConfigurationList = 8A89E8841E842E04001F7F71 /* Build configuration list for PBXNativeTarget "InspirationsTests" */;
			buildPhases = (
				8A89E8691E842E04001F7F71 /* Sources */,
				8A89E86A1E842E04001F7F71 /* Frameworks */,
				8A89E86B1E842E04001F7F71 /* Resources */,
			);
			buildRules = (
			);
			dependencies = (
				8A89E86F1E842E04001F7F71 /* PBXTargetDependency */,
			);
			name = InspirationsTests;
			productName = InspirationsTests;
			productReference = 8A89E86D1E842E04001F7F71 /* InspirationsTests.xctest */;
			productType = "com.apple.product-type.bundle.unit-test";
		};
		8A89E8771E842E04001F7F71 /* InspirationsUITests */ = {
			isa = PBXNativeTarget;
			buildConfigurationList = 8A89E8871E842E04001F7F71 /* Build configuration list for PBXNativeTarget "InspirationsUITests" */;
			buildPhases = (
				8A89E8741E842E04001F7F71 /* Sources */,
				8A89E8751E842E04001F7F71 /* Frameworks */,
				8A89E8761E842E04001F7F71 /* Resources */,
			);
			buildRules = (
			);
			dependencies = (
				8A89E87A1E842E04001F7F71 /* PBXTargetDependency */,
			);
			name = InspirationsUITests;
			productName = InspirationsUITests;
			productReference = 8A89E8781E842E04001F7F71 /* InspirationsUITests.xctest */;
			productType = "com.apple.product-type.bundle.ui-testing";
		};
/* End PBXNativeTarget section */

/* Begin PBXProject section */
		8A89E8511E842E03001F7F71 /* Project object */ = {
			isa = PBXProject;
			attributes = {
				LastSwiftUpdateCheck = 0820;
				LastUpgradeCheck = 0930;
				ORGANIZATIONNAME = Gonche;
				TargetAttributes = {
					8A89E8581E842E03001F7F71 = {
						CreatedOnToolsVersion = 8.2.1;
						LastSwiftMigration = 0910;
						ProvisioningStyle = Automatic;
					};
					8A89E86C1E842E04001F7F71 = {
						CreatedOnToolsVersion = 8.2.1;
						LastSwiftMigration = 0910;
						ProvisioningStyle = Automatic;
						TestTargetID = 8A89E8581E842E03001F7F71;
					};
					8A89E8771E842E04001F7F71 = {
						CreatedOnToolsVersion = 8.2.1;
						LastSwiftMigration = 0910;
						ProvisioningStyle = Automatic;
						TestTargetID = 8A89E8581E842E03001F7F71;
					};
				};
			};
			buildConfigurationList = 8A89E8541E842E03001F7F71 /* Build configuration list for PBXProject "Inspirations" */;
			compatibilityVersion = "Xcode 3.2";
			developmentRegion = English;
			hasScannedForEncodings = 0;
			knownRegions = (
				en,
				Base,
			);
			mainGroup = 8A89E8501E842E03001F7F71;
			productRefGroup = 8A89E85A1E842E04001F7F71 /* Products */;
			projectDirPath = "";
			projectRoot = "";
			targets = (
				8A89E8581E842E03001F7F71 /* Inspirations */,
				8A89E86C1E842E04001F7F71 /* InspirationsTests */,
				8A89E8771E842E04001F7F71 /* InspirationsUITests */,
			);
		};
/* End PBXProject section */

/* Begin PBXResourcesBuildPhase section */
		8A89E8571E842E03001F7F71 /* Resources */ = {
			isa = PBXResourcesBuildPhase;
			buildActionMask = 2147483647;
			files = (
				8A89E8671E842E04001F7F71 /* Main.storyboard in Resources */,
				8A03C0B11FBEA391008D74BA /* Assets.xcassets in Resources */,
				8A1167322134F34700AC2E08 /* ImportMultiple.storyboard in Resources */,
				8A546153210D240F00B6E588 /* Smart List Editor.storyboard in Resources */,
				8A7500B52187FB0200C856FE /* Add Value.storyboard in Resources */,
				8A2FF33821B1B72C0035CC08 /* BCP47.plist in Resources */,
				8A01F86721054CA1007D1E3F /* Alternate.storyboard in Resources */,
			);
			runOnlyForDeploymentPostprocessing = 0;
		};
		8A89E86B1E842E04001F7F71 /* Resources */ = {
			isa = PBXResourcesBuildPhase;
			buildActionMask = 2147483647;
			files = (
			);
			runOnlyForDeploymentPostprocessing = 0;
		};
		8A89E8761E842E04001F7F71 /* Resources */ = {
			isa = PBXResourcesBuildPhase;
			buildActionMask = 2147483647;
			files = (
			);
			runOnlyForDeploymentPostprocessing = 0;
		};
/* End PBXResourcesBuildPhase section */

/* Begin PBXShellScriptBuildPhase section */
		8AD2CD2D219E4CF80096BFC7 /* ShellScript */ = {
			isa = PBXShellScriptBuildPhase;
			buildActionMask = 2147483647;
			files = (
			);
			inputFileListPaths = (
			);
			inputPaths = (
				"$(SRCROOT)/Carthage/Build/Mac/SwiftSoup.framework",
			);
			outputFileListPaths = (
			);
			outputPaths = (
			);
			runOnlyForDeploymentPostprocessing = 0;
			shellPath = /bin/sh;
			shellScript = "# Type a script or drag a script file from your workspace to insert its path.\n/usr/local/bin/carthage copy-frameworks\n";
		};
		8AD2CD2E219E4E360096BFC7 /* ShellScript */ = {
			isa = PBXShellScriptBuildPhase;
			buildActionMask = 2147483647;
			files = (
			);
			inputFileListPaths = (
			);
			inputPaths = (
			);
			outputFileListPaths = (
			);
			outputPaths = (
			);
			runOnlyForDeploymentPostprocessing = 0;
			shellPath = /bin/sh;
			shellScript = "# Type a script or drag a script file from your workspace to insert its path.\n";
		};
		8AD2CD2F219E4E980096BFC7 /* ShellScript */ = {
			isa = PBXShellScriptBuildPhase;
			buildActionMask = 2147483647;
			files = (
			);
			inputFileListPaths = (
			);
			inputPaths = (
			);
			outputFileListPaths = (
			);
			outputPaths = (
			);
			runOnlyForDeploymentPostprocessing = 0;
			shellPath = /bin/sh;
			shellScript = "# Type a script or drag a script file from your workspace to insert its path.\nKEYWORDS=\"TODO|FIXME|\\?\\?\\?:|\\!\\!\\!:\"\nfind \"${SRCROOT}\" \\( -name \"*.h\" -or -name \"*.m\" -or -name \"*.swift\" \\) -print0 | \\\nxargs -0 egrep --with-filename --line-number --only-matching \"($KEYWORDS).*\\$\" | \\\nperl -p -e \"s/($KEYWORDS)/ warning: \\$1/\"\n";
		};
/* End PBXShellScriptBuildPhase section */

/* Begin PBXSourcesBuildPhase section */
		8A89E8551E842E03001F7F71 /* Sources */ = {
			isa = PBXSourcesBuildPhase;
			buildActionMask = 2147483647;
			files = (
				8A11672A213376AC00AC2E08 /* RightController.swift in Sources */,
				8A2C3129213A06EF00B8F3E1 /* Language+CoreData.swift in Sources */,
				8A2C3127213A068100B8F3E1 /* CoreDataExtras.swift in Sources */,
				8A11672621335BCF00AC2E08 /* LeftController.swift in Sources */,
				8A11672C2134D58800AC2E08 /* PrincipalWindow.swift in Sources */,
				8A546155210D2A7400B6E588 /* Smar List Controller.swift in Sources */,
				8ADBCF641FBBEFA5007523FF /* Utilities2.swift in Sources */,
				8A89E88D1E843302001F7F71 /* AddQuoteOld.swift in Sources */,
				8A63182320956CF000091FA6 /* EntitiesExtensions.swift in Sources */,
				8A7500B82187FB4800C856FE /* AddQuoteController.swift in Sources */,
				8ADDA7A1200C24D400F7E1D9 /* ValueTransformers.swift in Sources */,
				8A89E85F1E842E04001F7F71 /* ViewController.swift in Sources */,
				8AFB528D1EDBADE50096B93F /* BigViewController.swift in Sources */,
				8A2C3123213A04E700B8F3E1 /* Tag+CoreData.swift in Sources */,
				8A01F870210A9A52007D1E3F /* Core Data ERD.xcdatamodeld in Sources */,
				8A2C311F213A042700B8F3E1 /* QuoteList+CoreData.swift in Sources */,
				8A1A703021A735540061B6C9 /* MultipleImporterController.swift in Sources */,
				8AE9B3601FECA94D008A361F /* OldImportController.swift in Sources */,
				8ADDA7A3200D126800F7E1D9 /* OldWindowController.swift in Sources */,
				8A89E85D1E842E04001F7F71 /* AppDelegate.swift in Sources */,
				8A2C3121213A04A600B8F3E1 /* LibraryItem+CoreData.swift in Sources */,
				8A11672E2134E32A00AC2E08 /* Extras.swift in Sources */,
				8AE614C12072F134003CB950 /* OldLeftController.swift in Sources */,
				8A2C3125213A052000B8F3E1 /* Theme+CoreData.swift in Sources */,
				8A2FF33B21B1E4E20035CC08 /* TopicModeling.mlmodel in Sources */,
				8A2C311D213A013400B8F3E1 /* Quote+CoreData.swift in Sources */,
				8A126EB6208D4DC100AD33B1 /* MasterViewController.swift in Sources */,
				8A17C2061F58FB0900814107 /* ImportExport.swift in Sources */,
				8A2C311B213A008E00B8F3E1 /* Author+CoreData.swift in Sources */,
			);
			runOnlyForDeploymentPostprocessing = 0;
		};
		8A89E8691E842E04001F7F71 /* Sources */ = {
			isa = PBXSourcesBuildPhase;
			buildActionMask = 2147483647;
			files = (
				8A89E8721E842E04001F7F71 /* InspirationsTests.swift in Sources */,
			);
			runOnlyForDeploymentPostprocessing = 0;
		};
		8A89E8741E842E04001F7F71 /* Sources */ = {
			isa = PBXSourcesBuildPhase;
			buildActionMask = 2147483647;
			files = (
			);
			runOnlyForDeploymentPostprocessing = 0;
		};
/* End PBXSourcesBuildPhase section */

/* Begin PBXTargetDependency section */
		8A89E86F1E842E04001F7F71 /* PBXTargetDependency */ = {
			isa = PBXTargetDependency;
			target = 8A89E8581E842E03001F7F71 /* Inspirations */;
			targetProxy = 8A89E86E1E842E04001F7F71 /* PBXContainerItemProxy */;
		};
		8A89E87A1E842E04001F7F71 /* PBXTargetDependency */ = {
			isa = PBXTargetDependency;
			target = 8A89E8581E842E03001F7F71 /* Inspirations */;
			targetProxy = 8A89E8791E842E04001F7F71 /* PBXContainerItemProxy */;
		};
/* End PBXTargetDependency section */

/* Begin PBXVariantGroup section */
		8A01F86521054CA1007D1E3F /* Alternate.storyboard */ = {
			isa = PBXVariantGroup;
			children = (
				8A01F86621054CA1007D1E3F /* Base */,
			);
			name = Alternate.storyboard;
			sourceTree = "<group>";
		};
		8A89E8651E842E04001F7F71 /* Main.storyboard */ = {
			isa = PBXVariantGroup;
			children = (
				8A89E8661E842E04001F7F71 /* Base */,
			);
			name = Main.storyboard;
			sourceTree = "<group>";
		};
/* End PBXVariantGroup section */

/* Begin XCBuildConfiguration section */
		8A89E87F1E842E04001F7F71 /* Debug */ = {
			isa = XCBuildConfiguration;
			buildSettings = {
				ALWAYS_SEARCH_USER_PATHS = NO;
				CLANG_ANALYZER_NONNULL = YES;
				CLANG_CXX_LANGUAGE_STANDARD = "gnu++0x";
				CLANG_CXX_LIBRARY = "libc++";
				CLANG_ENABLE_MODULES = YES;
				CLANG_ENABLE_OBJC_ARC = YES;
				CLANG_WARN_BLOCK_CAPTURE_AUTORELEASING = YES;
				CLANG_WARN_BOOL_CONVERSION = YES;
				CLANG_WARN_COMMA = YES;
				CLANG_WARN_CONSTANT_CONVERSION = YES;
				CLANG_WARN_DEPRECATED_OBJC_IMPLEMENTATIONS = YES;
				CLANG_WARN_DIRECT_OBJC_ISA_USAGE = YES_ERROR;
				CLANG_WARN_DOCUMENTATION_COMMENTS = YES;
				CLANG_WARN_EMPTY_BODY = YES;
				CLANG_WARN_ENUM_CONVERSION = YES;
				CLANG_WARN_INFINITE_RECURSION = YES;
				CLANG_WARN_INT_CONVERSION = YES;
				CLANG_WARN_NON_LITERAL_NULL_CONVERSION = YES;
				CLANG_WARN_OBJC_IMPLICIT_RETAIN_SELF = YES;
				CLANG_WARN_OBJC_LITERAL_CONVERSION = YES;
				CLANG_WARN_OBJC_ROOT_CLASS = YES_ERROR;
				CLANG_WARN_RANGE_LOOP_ANALYSIS = YES;
				CLANG_WARN_STRICT_PROTOTYPES = YES;
				CLANG_WARN_SUSPICIOUS_MOVE = YES;
				CLANG_WARN_UNREACHABLE_CODE = YES;
				CLANG_WARN__DUPLICATE_METHOD_MATCH = YES;
				CODE_SIGN_IDENTITY = "-";
				COPY_PHASE_STRIP = NO;
				DEBUG_INFORMATION_FORMAT = dwarf;
				ENABLE_STRICT_OBJC_MSGSEND = YES;
				ENABLE_TESTABILITY = YES;
				GCC_C_LANGUAGE_STANDARD = gnu99;
				GCC_DYNAMIC_NO_PIC = NO;
				GCC_NO_COMMON_BLOCKS = YES;
				GCC_OPTIMIZATION_LEVEL = 0;
				GCC_PREPROCESSOR_DEFINITIONS = (
					"DEBUG=1",
					"$(inherited)",
				);
				GCC_WARN_64_TO_32_BIT_CONVERSION = YES;
				GCC_WARN_ABOUT_RETURN_TYPE = YES_ERROR;
				GCC_WARN_UNDECLARED_SELECTOR = YES;
				GCC_WARN_UNINITIALIZED_AUTOS = YES_AGGRESSIVE;
				GCC_WARN_UNUSED_FUNCTION = YES;
				GCC_WARN_UNUSED_VARIABLE = YES;
				MACOSX_DEPLOYMENT_TARGET = 10.13;
				MTL_ENABLE_DEBUG_INFO = YES;
				ONLY_ACTIVE_ARCH = YES;
				SDKROOT = macosx;
				SWIFT_ACTIVE_COMPILATION_CONDITIONS = DEBUG;
				SWIFT_OPTIMIZATION_LEVEL = "-Onone";
			};
			name = Debug;
		};
		8A89E8801E842E04001F7F71 /* Release */ = {
			isa = XCBuildConfiguration;
			buildSettings = {
				ALWAYS_SEARCH_USER_PATHS = NO;
				CLANG_ANALYZER_NONNULL = YES;
				CLANG_CXX_LANGUAGE_STANDARD = "gnu++0x";
				CLANG_CXX_LIBRARY = "libc++";
				CLANG_ENABLE_MODULES = YES;
				CLANG_ENABLE_OBJC_ARC = YES;
				CLANG_WARN_BLOCK_CAPTURE_AUTORELEASING = YES;
				CLANG_WARN_BOOL_CONVERSION = YES;
				CLANG_WARN_COMMA = YES;
				CLANG_WARN_CONSTANT_CONVERSION = YES;
				CLANG_WARN_DEPRECATED_OBJC_IMPLEMENTATIONS = YES;
				CLANG_WARN_DIRECT_OBJC_ISA_USAGE = YES_ERROR;
				CLANG_WARN_DOCUMENTATION_COMMENTS = YES;
				CLANG_WARN_EMPTY_BODY = YES;
				CLANG_WARN_ENUM_CONVERSION = YES;
				CLANG_WARN_INFINITE_RECURSION = YES;
				CLANG_WARN_INT_CONVERSION = YES;
				CLANG_WARN_NON_LITERAL_NULL_CONVERSION = YES;
				CLANG_WARN_OBJC_IMPLICIT_RETAIN_SELF = YES;
				CLANG_WARN_OBJC_LITERAL_CONVERSION = YES;
				CLANG_WARN_OBJC_ROOT_CLASS = YES_ERROR;
				CLANG_WARN_RANGE_LOOP_ANALYSIS = YES;
				CLANG_WARN_STRICT_PROTOTYPES = YES;
				CLANG_WARN_SUSPICIOUS_MOVE = YES;
				CLANG_WARN_UNREACHABLE_CODE = YES;
				CLANG_WARN__DUPLICATE_METHOD_MATCH = YES;
				CODE_SIGN_IDENTITY = "-";
				COPY_PHASE_STRIP = NO;
				DEBUG_INFORMATION_FORMAT = "dwarf-with-dsym";
				ENABLE_NS_ASSERTIONS = NO;
				ENABLE_STRICT_OBJC_MSGSEND = YES;
				GCC_C_LANGUAGE_STANDARD = gnu99;
				GCC_NO_COMMON_BLOCKS = YES;
				GCC_WARN_64_TO_32_BIT_CONVERSION = YES;
				GCC_WARN_ABOUT_RETURN_TYPE = YES_ERROR;
				GCC_WARN_UNDECLARED_SELECTOR = YES;
				GCC_WARN_UNINITIALIZED_AUTOS = YES_AGGRESSIVE;
				GCC_WARN_UNUSED_FUNCTION = YES;
				GCC_WARN_UNUSED_VARIABLE = YES;
				MACOSX_DEPLOYMENT_TARGET = 10.13;
				MTL_ENABLE_DEBUG_INFO = NO;
				SDKROOT = macosx;
				SWIFT_OPTIMIZATION_LEVEL = "-Owholemodule";
			};
			name = Release;
		};
		8A89E8821E842E04001F7F71 /* Debug */ = {
			isa = XCBuildConfiguration;
			buildSettings = {
				ASSETCATALOG_COMPILER_APPICON_NAME = AppIcon;
				COMBINE_HIDPI_IMAGES = YES;
				FRAMEWORK_SEARCH_PATHS = (
					"$(inherited)",
					"$(PROJECT_DIR)/Carthage/Build/Mac",
				);
				INFOPLIST_FILE = Inspirations/Info.plist;
				LD_RUNPATH_SEARCH_PATHS = "$(inherited) @executable_path/../Frameworks";
				PRODUCT_BUNDLE_IDENTIFIER = Gonche.Inspirations;
				PRODUCT_NAME = "$(TARGET_NAME)";
				SWIFT_SWIFT3_OBJC_INFERENCE = Default;
				SWIFT_VERSION = 4.2;
			};
			name = Debug;
		};
		8A89E8831E842E04001F7F71 /* Release */ = {
			isa = XCBuildConfiguration;
			buildSettings = {
				ASSETCATALOG_COMPILER_APPICON_NAME = AppIcon;
				COMBINE_HIDPI_IMAGES = YES;
				FRAMEWORK_SEARCH_PATHS = (
					"$(inherited)",
					"$(PROJECT_DIR)/Carthage/Build/Mac",
				);
				INFOPLIST_FILE = Inspirations/Info.plist;
				LD_RUNPATH_SEARCH_PATHS = "$(inherited) @executable_path/../Frameworks";
				PRODUCT_BUNDLE_IDENTIFIER = Gonche.Inspirations;
				PRODUCT_NAME = "$(TARGET_NAME)";
				SWIFT_SWIFT3_OBJC_INFERENCE = Default;
				SWIFT_VERSION = 4.2;
			};
			name = Release;
		};
		8A89E8851E842E04001F7F71 /* Debug */ = {
			isa = XCBuildConfiguration;
			buildSettings = {
				ALWAYS_EMBED_SWIFT_STANDARD_LIBRARIES = YES;
				BUNDLE_LOADER = "$(TEST_HOST)";
				COMBINE_HIDPI_IMAGES = YES;
				INFOPLIST_FILE = InspirationsTests/Info.plist;
				LD_RUNPATH_SEARCH_PATHS = "$(inherited) @executable_path/../Frameworks @loader_path/../Frameworks";
				PRODUCT_BUNDLE_IDENTIFIER = Gonche.InspirationsTests;
				PRODUCT_NAME = "$(TARGET_NAME)";
				SWIFT_SWIFT3_OBJC_INFERENCE = On;
				SWIFT_VERSION = 4.0;
				TEST_HOST = "$(BUILT_PRODUCTS_DIR)/Inspirations.app/Contents/MacOS/Inspirations";
			};
			name = Debug;
		};
		8A89E8861E842E04001F7F71 /* Release */ = {
			isa = XCBuildConfiguration;
			buildSettings = {
				ALWAYS_EMBED_SWIFT_STANDARD_LIBRARIES = YES;
				BUNDLE_LOADER = "$(TEST_HOST)";
				COMBINE_HIDPI_IMAGES = YES;
				INFOPLIST_FILE = InspirationsTests/Info.plist;
				LD_RUNPATH_SEARCH_PATHS = "$(inherited) @executable_path/../Frameworks @loader_path/../Frameworks";
				PRODUCT_BUNDLE_IDENTIFIER = Gonche.InspirationsTests;
				PRODUCT_NAME = "$(TARGET_NAME)";
				SWIFT_SWIFT3_OBJC_INFERENCE = On;
				SWIFT_VERSION = 4.0;
				TEST_HOST = "$(BUILT_PRODUCTS_DIR)/Inspirations.app/Contents/MacOS/Inspirations";
			};
			name = Release;
		};
		8A89E8881E842E04001F7F71 /* Debug */ = {
			isa = XCBuildConfiguration;
			buildSettings = {
				ALWAYS_EMBED_SWIFT_STANDARD_LIBRARIES = YES;
				COMBINE_HIDPI_IMAGES = YES;
				INFOPLIST_FILE = InspirationsUITests/Info.plist;
				LD_RUNPATH_SEARCH_PATHS = "$(inherited) @executable_path/../Frameworks @loader_path/../Frameworks";
				PRODUCT_BUNDLE_IDENTIFIER = Gonche.InspirationsUITests;
				PRODUCT_NAME = "$(TARGET_NAME)";
				SWIFT_SWIFT3_OBJC_INFERENCE = On;
				SWIFT_VERSION = 4.0;
				TEST_TARGET_NAME = Inspirations;
			};
			name = Debug;
		};
		8A89E8891E842E04001F7F71 /* Release */ = {
			isa = XCBuildConfiguration;
			buildSettings = {
				ALWAYS_EMBED_SWIFT_STANDARD_LIBRARIES = YES;
				COMBINE_HIDPI_IMAGES = YES;
				INFOPLIST_FILE = InspirationsUITests/Info.plist;
				LD_RUNPATH_SEARCH_PATHS = "$(inherited) @executable_path/../Frameworks @loader_path/../Frameworks";
				PRODUCT_BUNDLE_IDENTIFIER = Gonche.InspirationsUITests;
				PRODUCT_NAME = "$(TARGET_NAME)";
				SWIFT_SWIFT3_OBJC_INFERENCE = On;
				SWIFT_VERSION = 4.0;
				TEST_TARGET_NAME = Inspirations;
			};
			name = Release;
		};
/* End XCBuildConfiguration section */

/* Begin XCConfigurationList section */
		8A89E8541E842E03001F7F71 /* Build configuration list for PBXProject "Inspirations" */ = {
			isa = XCConfigurationList;
			buildConfigurations = (
				8A89E87F1E842E04001F7F71 /* Debug */,
				8A89E8801E842E04001F7F71 /* Release */,
			);
			defaultConfigurationIsVisible = 0;
			defaultConfigurationName = Release;
		};
		8A89E8811E842E04001F7F71 /* Build configuration list for PBXNativeTarget "Inspirations" */ = {
			isa = XCConfigurationList;
			buildConfigurations = (
				8A89E8821E842E04001F7F71 /* Debug */,
				8A89E8831E842E04001F7F71 /* Release */,
			);
			defaultConfigurationIsVisible = 0;
			defaultConfigurationName = Release;
		};
		8A89E8841E842E04001F7F71 /* Build configuration list for PBXNativeTarget "InspirationsTests" */ = {
			isa = XCConfigurationList;
			buildConfigurations = (
				8A89E8851E842E04001F7F71 /* Debug */,
				8A89E8861E842E04001F7F71 /* Release */,
			);
			defaultConfigurationIsVisible = 0;
			defaultConfigurationName = Release;
		};
		8A89E8871E842E04001F7F71 /* Build configuration list for PBXNativeTarget "InspirationsUITests" */ = {
			isa = XCConfigurationList;
			buildConfigurations = (
				8A89E8881E842E04001F7F71 /* Debug */,
				8A89E8891E842E04001F7F71 /* Release */,
			);
			defaultConfigurationIsVisible = 0;
			defaultConfigurationName = Release;
		};
/* End XCConfigurationList section */

/* Begin XCVersionGroup section */
		8A01F86E210A9A52007D1E3F /* Core Data ERD.xcdatamodeld */ = {
			isa = XCVersionGroup;
			children = (
				8A546151210C02C000B6E588 /* Core Data ERD V2.xcdatamodel */,
				8A01F86F210A9A52007D1E3F /* Core Data ERD.xcdatamodel */,
			);
			currentVersion = 8A01F86F210A9A52007D1E3F /* Core Data ERD.xcdatamodel */;
			path = "Core Data ERD.xcdatamodeld";
			sourceTree = "<group>";
			versionGroupType = wrapper.xcdatamodel;
		};
/* End XCVersionGroup section */
	};
	rootObject = 8A89E8511E842E03001F7F71 /* Project object */;
}
